
Microsoft Visual Studio Solution File, Format Version 12.00
# Visual Studio 15
VisualStudioVersion = 15.0.26730.15
MinimumVisualStudioVersion = 10.0.40219.1
Project("{FAE04EC0-301F-11D3-BF4B-00C04F79EFBC}") = "VkAuth", "VkAuth\VkAuth.csproj", "{0EE3DE96-69D3-4B4A-BECB-9643D4BD24C7}"
EndProject
Project("{FAE04EC0-301F-11D3-BF4B-00C04F79EFBC}") = "VkAuth.IE", "VkAuth.IE\VkAuth.IE.csproj", "{87378368-9856-4CAB-8F95-E8CC3489BB4C}"
EndProject
Project("{FAE04EC0-301F-11D3-BF4B-00C04F79EFBC}") = "VkAuth.IKR", "VkAuth.IKR\VkAuth.IKR.csproj", "{F03685EF-DC9D-46CD-8A8D-FA19B16C78CE}"
EndProject
Project("{FAE04EC0-301F-11D3-BF4B-00C04F79EFBC}") = "VkAuth.Awesomium", "VkAuth.Awesomium\VkAuth.Awesomium.csproj", "{6A943CE6-1D11-4124-B27A-9EB11A9B7161}"
EndProject
Global
	GlobalSection(SolutionConfigurationPlatforms) = preSolution
		Debug|Any CPU = Debug|Any CPU
		Release|Any CPU = Release|Any CPU
	EndGlobalSection
	GlobalSection(ProjectConfigurationPlatforms) = postSolution
		{0EE3DE96-69D3-4B4A-BECB-9643D4BD24C7}.Debug|Any CPU.ActiveCfg = Debug|Any CPU
		{0EE3DE96-69D3-4B4A-BECB-9643D4BD24C7}.Debug|Any CPU.Build.0 = Debug|Any CPU
		{0EE3DE96-69D3-4B4A-BECB-9643D4BD24C7}.Release|Any CPU.ActiveCfg = Release|Any CPU
		{0EE3DE96-69D3-4B4A-BECB-9643D4BD24C7}.Release|Any CPU.Build.0 = Release|Any CPU
		{87378368-9856-4CAB-8F95-E8CC3489BB4C}.Debug|Any CPU.ActiveCfg = Debug|Any CPU
		{87378368-9856-4CAB-8F95-E8CC3489BB4C}.Debug|Any CPU.Build.0 = Debug|Any CPU
		{87378368-9856-4CAB-8F95-E8CC3489BB4C}.Release|Any CPU.ActiveCfg = Release|Any CPU
		{87378368-9856-4CAB-8F95-E8CC3489BB4C}.Release|Any CPU.Build.0 = Release|Any CPU
		{F03685EF-DC9D-46CD-8A8D-FA19B16C78CE}.Debug|Any CPU.ActiveCfg = Debug|Any CPU
		{F03685EF-DC9D-46CD-8A8D-FA19B16C78CE}.Debug|Any CPU.Build.0 = Debug|Any CPU
		{F03685EF-DC9D-46CD-8A8D-FA19B16C78CE}.Release|Any CPU.ActiveCfg = Release|Any CPU
		{F03685EF-DC9D-46CD-8A8D-FA19B16C78CE}.Release|Any CPU.Build.0 = Release|Any CPU
		{6A943CE6-1D11-4124-B27A-9EB11A9B7161}.Debug|Any CPU.ActiveCfg = Debug|Any CPU
		{6A943CE6-1D11-4124-B27A-9EB11A9B7161}.Debug|Any CPU.Build.0 = Debug|Any CPU
		{6A943CE6-1D11-4124-B27A-9EB11A9B7161}.Release|Any CPU.ActiveCfg = Release|Any CPU
		{6A943CE6-1D11-4124-B27A-9EB11A9B7161}.Release|Any CPU.Build.0 = Release|Any CPU
	EndGlobalSection
	GlobalSection(SolutionProperties) = preSolution
		HideSolutionNode = FALSE
	EndGlobalSection
	GlobalSection(ExtensibilityGlobals) = postSolution
		SolutionGuid = {FF53EF0D-C93B-44F7-B3F1-83EFC8D63826}
	EndGlobalSection
EndGlobal
